
Microsoft Visual Studio Solution File, Format Version 12.00
# Visual Studio Version 17
VisualStudioVersion = 17.14.36616.10 d17.14
MinimumVisualStudioVersion = 10.0.40219.1
Project("{FAE04EC0-301F-11D3-BF4B-00C04F79EFBC}") = "VetClinicUser", "VetClinicUser\VetClinicUser.csproj", "{2EC0CD68-66D9-4E63-B767-29FD573CA1D1}"
EndProject
Global
	GlobalSection(SolutionConfigurationPlatforms) = preSolution
		Debug|Any CPU = Debug|Any CPU
		Release|Any CPU = Release|Any CPU
	EndGlobalSection
	GlobalSection(ProjectConfigurationPlatforms) = postSolution
		{2EC0CD68-66D9-4E63-B767-29FD573CA1D1}.Debug|Any CPU.ActiveCfg = Debug|Any CPU
		{2EC0CD68-66D9-4E63-B767-29FD573CA1D1}.Debug|Any CPU.Build.0 = Debug|Any CPU
		{2EC0CD68-66D9-4E63-B767-29FD573CA1D1}.Release|Any CPU.ActiveCfg = Release|Any CPU
		{2EC0CD68-66D9-4E63-B767-29FD573CA1D1}.Release|Any CPU.Build.0 = Release|Any CPU
	EndGlobalSection
	GlobalSection(SolutionProperties) = preSolution
		HideSolutionNode = FALSE
	EndGlobalSection
	GlobalSection(ExtensibilityGlobals) = postSolution
		SolutionGuid = {3C9798C6-FEF6-42AA-8D5F-2B3D2670E4B8}
	EndGlobalSection
EndGlobal
